
Microsoft Visual Studio Solution File, Format Version 12.00
# Visual Studio Version 16
VisualStudioVersion = 16.0.31624.102
MinimumVisualStudioVersion = 10.0.40219.1
Project("{FAE04EC0-301F-11D3-BF4B-00C04F79EFBC}") = "RCi.GlobalHook", "RCi.GlobalHook\RCi.GlobalHook.csproj", "{F6795982-AC2B-4890-9735-997931784228}"
EndProject
Project("{FAE04EC0-301F-11D3-BF4B-00C04F79EFBC}") = "RCi.GlobalHook.Sample", "RCi.GlobalHook.Sample\RCi.GlobalHook.Sample.csproj", "{883BB8F4-E25F-46D9-B56A-E5A13B892402}"
EndProject
Global
	GlobalSection(SolutionConfigurationPlatforms) = preSolution
		Debug|Any CPU = Debug|Any CPU
		Release|Any CPU = Release|Any CPU
	EndGlobalSection
	GlobalSection(ProjectConfigurationPlatforms) = postSolution
		{F6795982-AC2B-4890-9735-997931784228}.Debug|Any CPU.ActiveCfg = Debug|Any CPU
		{F6795982-AC2B-4890-9735-997931784228}.Debug|Any CPU.Build.0 = Debug|Any CPU
		{F6795982-AC2B-4890-9735-997931784228}.Release|Any CPU.ActiveCfg = Release|Any CPU
		{F6795982-AC2B-4890-9735-997931784228}.Release|Any CPU.Build.0 = Release|Any CPU
		{883BB8F4-E25F-46D9-B56A-E5A13B892402}.Debug|Any CPU.ActiveCfg = Debug|Any CPU
		{883BB8F4-E25F-46D9-B56A-E5A13B892402}.Debug|Any CPU.Build.0 = Debug|Any CPU
		{883BB8F4-E25F-46D9-B56A-E5A13B892402}.Release|Any CPU.ActiveCfg = Release|Any CPU
		{883BB8F4-E25F-46D9-B56A-E5A13B892402}.Release|Any CPU.Build.0 = Release|Any CPU
	EndGlobalSection
	GlobalSection(SolutionProperties) = preSolution
		HideSolutionNode = FALSE
	EndGlobalSection
	GlobalSection(ExtensibilityGlobals) = postSolution
		SolutionGuid = {11EB77D0-A651-4835-853A-671CFC25F72F}
	EndGlobalSection
EndGlobal
